// !$*UTF8*$!
{
	archiveVersion = 1;
	classes = {
	};
	objectVersion = 46;
	objects = {

/* Begin PBXBuildFile section */
		D0543A9D193D36F500EFBD6B /* main.cpp in Sources */ = {isa = PBXBuildFile; fileRef = D0543A9C193D36F500EFBD6B /* main.cpp */; };
		D0543A9F193D36F500EFBD6B /* AI_Project_1.1 in CopyFiles */ = {isa = PBXBuildFile; fileRef = D0543A9E193D36F500EFBD6B /* AI_Project_1.1 */; };
		D0543AA7193D376E00EFBD6B /* Map.cpp in Sources */ = {isa = PBXBuildFile; fileRef = D0543AA6193D376E00EFBD6B /* Map.cpp */; };
/* End PBXBuildFile section */

/* Begin PBXCopyFilesBuildPhase section */
		D0543A97193D36F500EFBD6B /* CopyFiles */ = {
			isa = PBXCopyFilesBuildPhase;
			buildActionMask = 2147483647;
			dstPath = /usr/share/man/man1/;
			dstSubfolderSpec = 0;
			files = (
				D0543A9F193D36F500EFBD6B /* AI_Project_1.1 in CopyFiles */,
			);
			runOnlyForDeploymentPostprocessing = 1;
		};
/* End PBXCopyFilesBuildPhase section */

/* Begin PBXFileReference section */
		D0543A99193D36F500EFBD6B /* AI_Project_1 */ = {isa = PBXFileReference; explicitFileType = "compiled.mach-o.executable"; includeInIndex = 0; path = AI_Project_1; sourceTree = BUILT_PRODUCTS_DIR; };
		D0543A9C193D36F500EFBD6B /* main.cpp */ = {isa = PBXFileReference; lastKnownFileType = sourcecode.cpp.cpp; path = main.cpp; sourceTree = "<group>"; };
		D0543A9E193D36F500EFBD6B /* AI_Project_1.1 */ = {isa = PBXFileReference; lastKnownFileType = text.man; path = AI_Project_1.1; sourceTree = "<group>"; };
		D0543AA5193D373000EFBD6B /* Map.h */ = {isa = PBXFileReference; lastKnownFileType = sourcecode.c.h; path = Map.h; sourceTree = "<group>"; };
		D0543AA6193D376E00EFBD6B /* Map.cpp */ = {isa = PBXFileReference; fileEncoding = 4; lastKnownFileType = sourcecode.cpp.cpp; path = Map.cpp; sourceTree = "<group>"; };
/* End PBXFileReference section */

/* Begin PBXFrameworksBuildPhase section */
		D0543A96193D36F500EFBD6B /* Frameworks */ = {
			isa = PBXFrameworksBuildPhase;
			buildActionMask = 2147483647;
			files = (
			);
			runOnlyForDeploymentPostprocessing = 0;
		};
/* End PBXFrameworksBuildPhase section */

/* Begin PBXGroup section */
		D0543A90193D36F500EFBD6B = {
			isa = PBXGroup;
			children = (
				D0543A9B193D36F500EFBD6B /* AI_Project_1 */,
				D0543A9A193D36F500EFBD6B /* Products */,
			);
			sourceTree = "<group>";
		};
		D0543A9A193D36F500EFBD6B /* Products */ = {
			isa = PBXGroup;
			children = (
				D0543A99193D36F500EFBD6B /* AI_Project_1 */,
			);
			name = Products;
			sourceTree = "<group>";
		};
		D0543A9B193D36F500EFBD6B /* AI_Project_1 */ = {
			isa = PBXGroup;
			children = (
				D0543A9C193D36F500EFBD6B /* main.cpp */,
				D0543A9E193D36F500EFBD6B /* AI_Project_1.1 */,
				D0543AA5193D373000EFBD6B /* Map.h */,
				D0543AA6193D376E00EFBD6B /* Map.cpp */,
			);
			path = AI_Project_1;
			sourceTree = "<group>";
		};
/* End PBXGroup section */

/* Begin PBXNativeTarget section */
		D0543A98193D36F500EFBD6B /* AI_Project_1 */ = {
			isa = PBXNativeTarget;
			buildConfigurationList = D0543AA2193D36F500EFBD6B /* Build configuration list for PBXNativeTarget "AI_Project_1" */;
			buildPhases = (
				D0543A95193D36F500EFBD6B /* Sources */,
				D0543A96193D36F500EFBD6B /* Frameworks */,
				D0543A97193D36F500EFBD6B /* CopyFiles */,
			);
			buildRules = (
			);
			dependencies = (
			);
			name = AI_Project_1;
			productName = AI_Project_1;
			productReference = D0543A99193D36F500EFBD6B /* AI_Project_1 */;
			productType = "com.apple.product-type.tool";
		};
/* End PBXNativeTarget section */

/* Begin PBXProject section */
		D0543A91193D36F500EFBD6B /* Project object */ = {
			isa = PBXProject;
			attributes = {
				LastUpgradeCheck = 0510;
				ORGANIZATIONNAME = Shaung;
			};
			buildConfigurationList = D0543A94193D36F500EFBD6B /* Build configuration list for PBXProject "AI_Project_1" */;
			compatibilityVersion = "Xcode 3.2";
			developmentRegion = English;
			hasScannedForEncodings = 0;
			knownRegions = (
				en,
			);
			mainGroup = D0543A90193D36F500EFBD6B;
			productRefGroup = D0543A9A193D36F500EFBD6B /* Products */;
			projectDirPath = "";
			projectRoot = "";
			targets = (
				D0543A98193D36F500EFBD6B /* AI_Project_1 */,
			);
		};
/* End PBXProject section */

/* Begin PBXSourcesBuildPhase section */
		D0543A95193D36F500EFBD6B /* Sources */ = {
			isa = PBXSourcesBuildPhase;
			buildActionMask = 2147483647;
			files = (
				D0543AA7193D376E00EFBD6B /* Map.cpp in Sources */,
				D0543A9D193D36F500EFBD6B /* main.cpp in Sources */,
			);
			runOnlyForDeploymentPostprocessing = 0;
		};
/* End PBXSourcesBuildPhase section */

/* Begin XCBuildConfiguration section */
		D0543AA0193D36F500EFBD6B /* Debug */ = {
			isa = XCBuildConfiguration;
			buildSettings = {
				ALWAYS_SEARCH_USER_PATHS = NO;
				CLANG_CXX_LANGUAGE_STANDARD = "gnu++0x";
				CLANG_CXX_LIBRARY = "libc++";
				CLANG_ENABLE_MODULES = YES;
				CLANG_ENABLE_OBJC_ARC = YES;
				CLANG_WARN_BOOL_CONVERSION = YES;
				CLANG_WARN_CONSTANT_CONVERSION = YES;
				CLANG_WARN_DIRECT_OBJC_ISA_USAGE = YES_ERROR;
				CLANG_WARN_EMPTY_BODY = YES;
				CLANG_WARN_ENUM_CONVERSION = YES;
				CLANG_WARN_INT_CONVERSION = YES;
				CLANG_WARN_OBJC_ROOT_CLASS = YES_ERROR;
				CLANG_WARN__DUPLICATE_METHOD_MATCH = YES;
				COPY_PHASE_STRIP = NO;
				GCC_C_LANGUAGE_STANDARD = gnu99;
				GCC_DYNAMIC_NO_PIC = NO;
				GCC_ENABLE_OBJC_EXCEPTIONS = YES;
				GCC_OPTIMIZATION_LEVEL = 0;
				GCC_PREPROCESSOR_DEFINITIONS = (
					"DEBUG=1",
					"$(inherited)",
				);
				GCC_SYMBOLS_PRIVATE_EXTERN = NO;
				GCC_WARN_64_TO_32_BIT_CONVERSION = YES;
				GCC_WARN_ABOUT_RETURN_TYPE = YES_ERROR;
				GCC_WARN_UNDECLARED_SELECTOR = YES;
				GCC_WARN_UNINITIALIZED_AUTOS = YES_AGGRESSIVE;
				GCC_WARN_UNUSED_FUNCTION = YES;
				GCC_WARN_UNUSED_VARIABLE = YES;
				MACOSX_DEPLOYMENT_TARGET = 10.9;
				ONLY_ACTIVE_ARCH = YES;
				SDKROOT = macosx;
			};
			name = Debug;
		};
		D0543AA1193D36F500EFBD6B /* Release */ = {
			isa = XCBuildConfiguration;
			buildSettings = {
				ALWAYS_SEARCH_USER_PATHS = NO;
				CLANG_CXX_LANGUAGE_STANDARD = "gnu++0x";
				CLANG_CXX_LIBRARY = "libc++";
				CLANG_ENABLE_MODULES = YES;
				CLANG_ENABLE_OBJC_ARC = YES;
				CLANG_WARN_BOOL_CONVERSION = YES;
				CLANG_WARN_CONSTANT_CONVERSION = YES;
				CLANG_WARN_DIRECT_OBJC_ISA_USAGE = YES_ERROR;
				CLANG_WARN_EMPTY_BODY = YES;
				CLANG_WARN_ENUM_CONVERSION = YES;
				CLANG_WARN_INT_CONVERSION = YES;
				CLANG_WARN_OBJC_ROOT_CLASS = YES_ERROR;
				CLANG_WARN__DUPLICATE_METHOD_MATCH = YES;
				COPY_PHASE_STRIP = YES;
				DEBUG_INFORMATION_FORMAT = "dwarf-with-dsym";
				ENABLE_NS_ASSERTIONS = NO;
				GCC_C_LANGUAGE_STANDARD = gnu99;
				GCC_ENABLE_OBJC_EXCEPTIONS = YES;
				GCC_WARN_64_TO_32_BIT_CONVERSION = YES;
				GCC_WARN_ABOUT_RETURN_TYPE = YES_ERROR;
				GCC_WARN_UNDECLARED_SELECTOR = YES;
				GCC_WARN_UNINITIALIZED_AUTOS = YES_AGGRESSIVE;
				GCC_WARN_UNUSED_FUNCTION = YES;
				GCC_WARN_UNUSED_VARIABLE = YES;
				MACOSX_DEPLOYMENT_TARGET = 10.9;
				SDKROOT = macosx;
			};
			name = Release;
		};
		D0543AA3193D36F500EFBD6B /* Debug */ = {
			isa = XCBuildConfiguration;
			buildSettings = {
				PRODUCT_NAME = "$(TARGET_NAME)";
			};
			name = Debug;
		};
		D0543AA4193D36F500EFBD6B /* Release */ = {
			isa = XCBuildConfiguration;
			buildSettings = {
				PRODUCT_NAME = "$(TARGET_NAME)";
			};
			name = Release;
		};
/* End XCBuildConfiguration section */

/* Begin XCConfigurationList section */
		D0543A94193D36F500EFBD6B /* Build configuration list for PBXProject "AI_Project_1" */ = {
			isa = XCConfigurationList;
			buildConfigurations = (
				D0543AA0193D36F500EFBD6B /* Debug */,
				D0543AA1193D36F500EFBD6B /* Release */,
			);
			defaultConfigurationIsVisible = 0;
			defaultConfigurationName = Release;
		};
		D0543AA2193D36F500EFBD6B /* Build configuration list for PBXNativeTarget "AI_Project_1" */ = {
			isa = XCConfigurationList;
			buildConfigurations = (
				D0543AA3193D36F500EFBD6B /* Debug */,
				D0543AA4193D36F500EFBD6B /* Release */,
			);
			defaultConfigurationIsVisible = 0;
		};
/* End XCConfigurationList section */
	};
	rootObject = D0543A91193D36F500EFBD6B /* Project object */;
}
